
Microsoft Visual Studio Solution File, Format Version 12.00
# Visual Studio Version 17
VisualStudioVersion = 17.4.33205.214
MinimumVisualStudioVersion = 10.0.40219.1
Project("{FAE04EC0-301F-11D3-BF4B-00C04F79EFBC}") = "TpGrupal", "TpGrupal\TpGrupal.csproj", "{BB9AA948-D2D8-4208-AC55-EB220B4CDCCF}"
EndProject
Project("{FAE04EC0-301F-11D3-BF4B-00C04F79EFBC}") = "WindowsForms", "WindowsForms\WindowsForms.csproj", "{CD2C8C5F-E7FB-4E18-BA51-456EF0CBDEB4}"
EndProject
Global
	GlobalSection(SolutionConfigurationPlatforms) = preSolution
		Debug|Any CPU = Debug|Any CPU
		Release|Any CPU = Release|Any CPU
	EndGlobalSection
	GlobalSection(ProjectConfigurationPlatforms) = postSolution
		{BB9AA948-D2D8-4208-AC55-EB220B4CDCCF}.Debug|Any CPU.ActiveCfg = Debug|Any CPU
		{BB9AA948-D2D8-4208-AC55-EB220B4CDCCF}.Debug|Any CPU.Build.0 = Debug|Any CPU
		{BB9AA948-D2D8-4208-AC55-EB220B4CDCCF}.Release|Any CPU.ActiveCfg = Release|Any CPU
		{BB9AA948-D2D8-4208-AC55-EB220B4CDCCF}.Release|Any CPU.Build.0 = Release|Any CPU
		{CD2C8C5F-E7FB-4E18-BA51-456EF0CBDEB4}.Debug|Any CPU.ActiveCfg = Debug|Any CPU
		{CD2C8C5F-E7FB-4E18-BA51-456EF0CBDEB4}.Debug|Any CPU.Build.0 = Debug|Any CPU
		{CD2C8C5F-E7FB-4E18-BA51-456EF0CBDEB4}.Release|Any CPU.ActiveCfg = Release|Any CPU
		{CD2C8C5F-E7FB-4E18-BA51-456EF0CBDEB4}.Release|Any CPU.Build.0 = Release|Any CPU
	EndGlobalSection
	GlobalSection(SolutionProperties) = preSolution
		HideSolutionNode = FALSE
	EndGlobalSection
	GlobalSection(ExtensibilityGlobals) = postSolution
		SolutionGuid = {A2C54302-8C3A-4930-AF9B-611A137400B9}
	EndGlobalSection
EndGlobal
